
Microsoft Visual Studio Solution File, Format Version 12.00
# Visual Studio Version 16
VisualStudioVersion = 16.0.30907.101
MinimumVisualStudioVersion = 10.0.40219.1
Project("{9A19103F-16F7-4668-BE54-9A1E7A4F7556}") = "GenericClass", "GenericClass\GenericClass.csproj", "{264D52C0-EEAB-447A-A092-5FF0CF02AF39}"
EndProject
Global
	GlobalSection(SolutionConfigurationPlatforms) = preSolution
		Debug|Any CPU = Debug|Any CPU
		Release|Any CPU = Release|Any CPU
	EndGlobalSection
	GlobalSection(ProjectConfigurationPlatforms) = postSolution
		{264D52C0-EEAB-447A-A092-5FF0CF02AF39}.Debug|Any CPU.ActiveCfg = Debug|Any CPU
		{264D52C0-EEAB-447A-A092-5FF0CF02AF39}.Debug|Any CPU.Build.0 = Debug|Any CPU
		{264D52C0-EEAB-447A-A092-5FF0CF02AF39}.Release|Any CPU.ActiveCfg = Release|Any CPU
		{264D52C0-EEAB-447A-A092-5FF0CF02AF39}.Release|Any CPU.Build.0 = Release|Any CPU
	EndGlobalSection
	GlobalSection(SolutionProperties) = preSolution
		HideSolutionNode = FALSE
	EndGlobalSection
	GlobalSection(ExtensibilityGlobals) = postSolution
		SolutionGuid = {3F60AD07-2F31-47A0-9114-3B99857A82D4}
	EndGlobalSection
EndGlobal
